
Microsoft Visual Studio Solution File, Format Version 12.00
# Visual Studio Version 17
VisualStudioVersion = 17.7.34031.279
MinimumVisualStudioVersion = 10.0.40219.1
Project("{8BC9CEB8-8B4A-11D0-8D11-00A0C91BC942}") = "project", "project.vcxproj", "{B55BDF88-DA3B-400E-A729-0CF6943B5284}"
EndProject
Project("{2150E333-8FDC-42A3-9474-1A3956D46DE8}") = "Элементы решения", "Элементы решения", "{3014A895-F69C-4FB9-AA97-281FAFD7F4DA}"
EndProject
Global
	GlobalSection(SolutionConfigurationPlatforms) = preSolution
		Debug|x64 = Debug|x64
		Debug|x86 = Debug|x86
		Release|x64 = Release|x64
		Release|x86 = Release|x86
	EndGlobalSection
	GlobalSection(ProjectConfigurationPlatforms) = postSolution
		{B55BDF88-DA3B-400E-A729-0CF6943B5284}.Debug|x64.ActiveCfg = Debug|x64
		{B55BDF88-DA3B-400E-A729-0CF6943B5284}.Debug|x64.Build.0 = Debug|x64
		{B55BDF88-DA3B-400E-A729-0CF6943B5284}.Debug|x86.ActiveCfg = Debug|Win32
		{B55BDF88-DA3B-400E-A729-0CF6943B5284}.Debug|x86.Build.0 = Debug|Win32
		{B55BDF88-DA3B-400E-A729-0CF6943B5284}.Release|x64.ActiveCfg = Release|x64
		{B55BDF88-DA3B-400E-A729-0CF6943B5284}.Release|x64.Build.0 = Release|x64
		{B55BDF88-DA3B-400E-A729-0CF6943B5284}.Release|x86.ActiveCfg = Release|Win32
		{B55BDF88-DA3B-400E-A729-0CF6943B5284}.Release|x86.Build.0 = Release|Win32
	EndGlobalSection
	GlobalSection(SolutionProperties) = preSolution
		HideSolutionNode = FALSE
	EndGlobalSection
	GlobalSection(ExtensibilityGlobals) = postSolution
		SolutionGuid = {CB763871-BD9C-4568-A21C-CF91A0292314}
	EndGlobalSection
EndGlobal
